
Microsoft Visual Studio Solution File, Format Version 12.00
# Visual Studio Version 16
VisualStudioVersion = 16.0.30717.126
MinimumVisualStudioVersion = 10.0.40219.1
Project("{FAE04EC0-301F-11D3-BF4B-00C04F79EFBC}") = "CryptoStayPR", "CryptoStayPR.csproj", "{FD519FB0-D90D-4875-8AFA-AFBE6DE89622}"
EndProject
Global
	GlobalSection(SolutionConfigurationPlatforms) = preSolution
		Debug|Any CPU = Debug|Any CPU
		Release|Any CPU = Release|Any CPU
	EndGlobalSection
	GlobalSection(ProjectConfigurationPlatforms) = postSolution
		{FD519FB0-D90D-4875-8AFA-AFBE6DE89622}.Debug|Any CPU.ActiveCfg = Debug|Any CPU
		{FD519FB0-D90D-4875-8AFA-AFBE6DE89622}.Debug|Any CPU.Build.0 = Debug|Any CPU
		{FD519FB0-D90D-4875-8AFA-AFBE6DE89622}.Release|Any CPU.ActiveCfg = Release|Any CPU
		{FD519FB0-D90D-4875-8AFA-AFBE6DE89622}.Release|Any CPU.Build.0 = Release|Any CPU
	EndGlobalSection
	GlobalSection(SolutionProperties) = preSolution
		HideSolutionNode = FALSE
	EndGlobalSection
	GlobalSection(ExtensibilityGlobals) = postSolution
		SolutionGuid = {6168E008-B89A-4163-8C9C-143151036042}
	EndGlobalSection
EndGlobal
